
Microsoft Visual Studio Solution File, Format Version 12.00
# Visual Studio Version 17
VisualStudioVersion = 17.2.32516.85
MinimumVisualStudioVersion = 10.0.40219.1
Project("{8BC9CEB8-8B4A-11D0-8D11-00A0C91BC942}") = "CPP_Object", "CPP_Object\CPP_Object.vcxproj", "{3CC4E949-2B8F-4A0C-86BC-7078EE4F6B21}"
EndProject
Project("{8BC9CEB8-8B4A-11D0-8D11-00A0C91BC942}") = "Zadanie2.2_Bank", "Zadanie2.2_Bank\Zadanie2.2_Bank.vcxproj", "{E186C622-1F8A-4127-9661-AA0FFC1A7D8B}"
EndProject
Project("{8BC9CEB8-8B4A-11D0-8D11-00A0C91BC942}") = "Student", "Student\Student.vcxproj", "{20BB4A86-7FF6-4103-8214-B8C09204C4BE}"
EndProject
Project("{8BC9CEB8-8B4A-11D0-8D11-00A0C91BC942}") = "Zadanie4.1", "Zadanie4.1\Zadanie4.1.vcxproj", "{29504295-16AD-4EC1-A759-09B754C53EFA}"
EndProject
Project("{8BC9CEB8-8B4A-11D0-8D11-00A0C91BC942}") = "Zadanie4.3", "Zadanie_Car\Zadanie_Car.vcxproj", "{225AF507-6858-4F8C-91FF-7E037B4379FA}"
EndProject
Project("{8BC9CEB8-8B4A-11D0-8D11-00A0C91BC942}") = "Zadanie3.4", "Zadanie3.4\Zadanie3.4.vcxproj", "{C28B4F28-1A46-4434-88B8-04643ADEBC1E}"
EndProject
Project("{8BC9CEB8-8B4A-11D0-8D11-00A0C91BC942}") = "zadanie5", "zadanie5\zadanie5.vcxproj", "{F64679A6-38E7-4FB7-BC8F-3063EE91797A}"
EndProject
Project("{8BC9CEB8-8B4A-11D0-8D11-00A0C91BC942}") = "Zadanie6", "Zadanie6\Zadanie6.vcxproj", "{17BAF024-2397-4BD4-B12B-8D92E5146FA1}"
EndProject
Project("{8BC9CEB8-8B4A-11D0-8D11-00A0C91BC942}") = "Zadanie5v2", "Zadanie5v2\Zadanie5v2.vcxproj", "{7621FFEC-00BC-448A-BE01-05ECFE3E7ADF}"
EndProject
Project("{8BC9CEB8-8B4A-11D0-8D11-00A0C91BC942}") = "Zadanie_static_const", "Zadanie_static_const\Zadanie_static_const.vcxproj", "{9BD2FDE8-5C84-4D90-ADEF-DD7461FEB02D}"
EndProject
Project("{8BC9CEB8-8B4A-11D0-8D11-00A0C91BC942}") = "Zadanie7", "Zadanie7\Zadanie7.vcxproj", "{586C8CFD-6DB0-4613-B4C2-1ECCB05E654E}"
EndProject
Project("{8BC9CEB8-8B4A-11D0-8D11-00A0C91BC942}") = "Zadanie_8", "Zadanie_8\Zadanie_8.vcxproj", "{49041DC0-92CF-4BB1-B28E-EEF548A7A1F8}"
EndProject
Project("{8BC9CEB8-8B4A-11D0-8D11-00A0C91BC942}") = "Dziedziczenie", "Dziedziczenie\Dziedziczenie.vcxproj", "{E931D2F3-9D5F-466F-9629-72483C2F7EFA}"
EndProject
Project("{8BC9CEB8-8B4A-11D0-8D11-00A0C91BC942}") = "ConstructorInheritance", "ConstructorInheritance\ConstructorInheritance.vcxproj", "{66C1575E-26B3-4984-A1A3-69627EEB6691}"
EndProject
Global
	GlobalSection(SolutionConfigurationPlatforms) = preSolution
		Debug|x64 = Debug|x64
		Debug|x86 = Debug|x86
		Release|x64 = Release|x64
		Release|x86 = Release|x86
	EndGlobalSection
	GlobalSection(ProjectConfigurationPlatforms) = postSolution
		{3CC4E949-2B8F-4A0C-86BC-7078EE4F6B21}.Debug|x64.ActiveCfg = Debug|x64
		{3CC4E949-2B8F-4A0C-86BC-7078EE4F6B21}.Debug|x64.Build.0 = Debug|x64
		{3CC4E949-2B8F-4A0C-86BC-7078EE4F6B21}.Debug|x86.ActiveCfg = Debug|Win32
		{3CC4E949-2B8F-4A0C-86BC-7078EE4F6B21}.Debug|x86.Build.0 = Debug|Win32
		{3CC4E949-2B8F-4A0C-86BC-7078EE4F6B21}.Release|x64.ActiveCfg = Release|x64
		{3CC4E949-2B8F-4A0C-86BC-7078EE4F6B21}.Release|x64.Build.0 = Release|x64
		{3CC4E949-2B8F-4A0C-86BC-7078EE4F6B21}.Release|x86.ActiveCfg = Release|Win32
		{3CC4E949-2B8F-4A0C-86BC-7078EE4F6B21}.Release|x86.Build.0 = Release|Win32
		{E186C622-1F8A-4127-9661-AA0FFC1A7D8B}.Debug|x64.ActiveCfg = Debug|x64
		{E186C622-1F8A-4127-9661-AA0FFC1A7D8B}.Debug|x64.Build.0 = Debug|x64
		{E186C622-1F8A-4127-9661-AA0FFC1A7D8B}.Debug|x86.ActiveCfg = Debug|Win32
		{E186C622-1F8A-4127-9661-AA0FFC1A7D8B}.Debug|x86.Build.0 = Debug|Win32
		{E186C622-1F8A-4127-9661-AA0FFC1A7D8B}.Release|x64.ActiveCfg = Release|x64
		{E186C622-1F8A-4127-9661-AA0FFC1A7D8B}.Release|x64.Build.0 = Release|x64
		{E186C622-1F8A-4127-9661-AA0FFC1A7D8B}.Release|x86.ActiveCfg = Release|Win32
		{E186C622-1F8A-4127-9661-AA0FFC1A7D8B}.Release|x86.Build.0 = Release|Win32
		{20BB4A86-7FF6-4103-8214-B8C09204C4BE}.Debug|x64.ActiveCfg = Debug|x64
		{20BB4A86-7FF6-4103-8214-B8C09204C4BE}.Debug|x64.Build.0 = Debug|x64
		{20BB4A86-7FF6-4103-8214-B8C09204C4BE}.Debug|x86.ActiveCfg = Debug|Win32
		{20BB4A86-7FF6-4103-8214-B8C09204C4BE}.Debug|x86.Build.0 = Debug|Win32
		{20BB4A86-7FF6-4103-8214-B8C09204C4BE}.Release|x64.ActiveCfg = Release|x64
		{20BB4A86-7FF6-4103-8214-B8C09204C4BE}.Release|x64.Build.0 = Release|x64
		{20BB4A86-7FF6-4103-8214-B8C09204C4BE}.Release|x86.ActiveCfg = Release|Win32
		{20BB4A86-7FF6-4103-8214-B8C09204C4BE}.Release|x86.Build.0 = Release|Win32
		{29504295-16AD-4EC1-A759-09B754C53EFA}.Debug|x64.ActiveCfg = Debug|x64
		{29504295-16AD-4EC1-A759-09B754C53EFA}.Debug|x64.Build.0 = Debug|x64
		{29504295-16AD-4EC1-A759-09B754C53EFA}.Debug|x86.ActiveCfg = Debug|Win32
		{29504295-16AD-4EC1-A759-09B754C53EFA}.Debug|x86.Build.0 = Debug|Win32
		{29504295-16AD-4EC1-A759-09B754C53EFA}.Release|x64.ActiveCfg = Release|x64
		{29504295-16AD-4EC1-A759-09B754C53EFA}.Release|x64.Build.0 = Release|x64
		{29504295-16AD-4EC1-A759-09B754C53EFA}.Release|x86.ActiveCfg = Release|Win32
		{29504295-16AD-4EC1-A759-09B754C53EFA}.Release|x86.Build.0 = Release|Win32
		{225AF507-6858-4F8C-91FF-7E037B4379FA}.Debug|x64.ActiveCfg = Debug|x64
		{225AF507-6858-4F8C-91FF-7E037B4379FA}.Debug|x64.Build.0 = Debug|x64
		{225AF507-6858-4F8C-91FF-7E037B4379FA}.Debug|x86.ActiveCfg = Debug|Win32
		{225AF507-6858-4F8C-91FF-7E037B4379FA}.Debug|x86.Build.0 = Debug|Win32
		{225AF507-6858-4F8C-91FF-7E037B4379FA}.Release|x64.ActiveCfg = Release|x64
		{225AF507-6858-4F8C-91FF-7E037B4379FA}.Release|x64.Build.0 = Release|x64
		{225AF507-6858-4F8C-91FF-7E037B4379FA}.Release|x86.ActiveCfg = Release|Win32
		{225AF507-6858-4F8C-91FF-7E037B4379FA}.Release|x86.Build.0 = Release|Win32
		{C28B4F28-1A46-4434-88B8-04643ADEBC1E}.Debug|x64.ActiveCfg = Debug|x64
		{C28B4F28-1A46-4434-88B8-04643ADEBC1E}.Debug|x64.Build.0 = Debug|x64
		{C28B4F28-1A46-4434-88B8-04643ADEBC1E}.Debug|x86.ActiveCfg = Debug|Win32
		{C28B4F28-1A46-4434-88B8-04643ADEBC1E}.Debug|x86.Build.0 = Debug|Win32
		{C28B4F28-1A46-4434-88B8-04643ADEBC1E}.Release|x64.ActiveCfg = Release|x64
		{C28B4F28-1A46-4434-88B8-04643ADEBC1E}.Release|x64.Build.0 = Release|x64
		{C28B4F28-1A46-4434-88B8-04643ADEBC1E}.Release|x86.ActiveCfg = Release|Win32
		{C28B4F28-1A46-4434-88B8-04643ADEBC1E}.Release|x86.Build.0 = Release|Win32
		{F64679A6-38E7-4FB7-BC8F-3063EE91797A}.Debug|x64.ActiveCfg = Debug|x64
		{F64679A6-38E7-4FB7-BC8F-3063EE91797A}.Debug|x64.Build.0 = Debug|x64
		{F64679A6-38E7-4FB7-BC8F-3063EE91797A}.Debug|x86.ActiveCfg = Debug|Win32
		{F64679A6-38E7-4FB7-BC8F-3063EE91797A}.Debug|x86.Build.0 = Debug|Win32
		{F64679A6-38E7-4FB7-BC8F-3063EE91797A}.Release|x64.ActiveCfg = Release|x64
		{F64679A6-38E7-4FB7-BC8F-3063EE91797A}.Release|x64.Build.0 = Release|x64
		{F64679A6-38E7-4FB7-BC8F-3063EE91797A}.Release|x86.ActiveCfg = Release|Win32
		{F64679A6-38E7-4FB7-BC8F-3063EE91797A}.Release|x86.Build.0 = Release|Win32
		{17BAF024-2397-4BD4-B12B-8D92E5146FA1}.Debug|x64.ActiveCfg = Debug|x64
		{17BAF024-2397-4BD4-B12B-8D92E5146FA1}.Debug|x64.Build.0 = Debug|x64
		{17BAF024-2397-4BD4-B12B-8D92E5146FA1}.Debug|x86.ActiveCfg = Debug|Win32
		{17BAF024-2397-4BD4-B12B-8D92E5146FA1}.Debug|x86.Build.0 = Debug|Win32
		{17BAF024-2397-4BD4-B12B-8D92E5146FA1}.Release|x64.ActiveCfg = Release|x64
		{17BAF024-2397-4BD4-B12B-8D92E5146FA1}.Release|x64.Build.0 = Release|x64
		{17BAF024-2397-4BD4-B12B-8D92E5146FA1}.Release|x86.ActiveCfg = Release|Win32
		{17BAF024-2397-4BD4-B12B-8D92E5146FA1}.Release|x86.Build.0 = Release|Win32
		{7621FFEC-00BC-448A-BE01-05ECFE3E7ADF}.Debug|x64.ActiveCfg = Debug|x64
		{7621FFEC-00BC-448A-BE01-05ECFE3E7ADF}.Debug|x64.Build.0 = Debug|x64
		{7621FFEC-00BC-448A-BE01-05ECFE3E7ADF}.Debug|x86.ActiveCfg = Debug|Win32
		{7621FFEC-00BC-448A-BE01-05ECFE3E7ADF}.Debug|x86.Build.0 = Debug|Win32
		{7621FFEC-00BC-448A-BE01-05ECFE3E7ADF}.Release|x64.ActiveCfg = Release|x64
		{7621FFEC-00BC-448A-BE01-05ECFE3E7ADF}.Release|x64.Build.0 = Release|x64
		{7621FFEC-00BC-448A-BE01-05ECFE3E7ADF}.Release|x86.ActiveCfg = Release|Win32
		{7621FFEC-00BC-448A-BE01-05ECFE3E7ADF}.Release|x86.Build.0 = Release|Win32
		{9BD2FDE8-5C84-4D90-ADEF-DD7461FEB02D}.Debug|x64.ActiveCfg = Debug|x64
		{9BD2FDE8-5C84-4D90-ADEF-DD7461FEB02D}.Debug|x64.Build.0 = Debug|x64
		{9BD2FDE8-5C84-4D90-ADEF-DD7461FEB02D}.Debug|x86.ActiveCfg = Debug|Win32
		{9BD2FDE8-5C84-4D90-ADEF-DD7461FEB02D}.Debug|x86.Build.0 = Debug|Win32
		{9BD2FDE8-5C84-4D90-ADEF-DD7461FEB02D}.Release|x64.ActiveCfg = Release|x64
		{9BD2FDE8-5C84-4D90-ADEF-DD7461FEB02D}.Release|x64.Build.0 = Release|x64
		{9BD2FDE8-5C84-4D90-ADEF-DD7461FEB02D}.Release|x86.ActiveCfg = Release|Win32
		{9BD2FDE8-5C84-4D90-ADEF-DD7461FEB02D}.Release|x86.Build.0 = Release|Win32
		{586C8CFD-6DB0-4613-B4C2-1ECCB05E654E}.Debug|x64.ActiveCfg = Debug|x64
		{586C8CFD-6DB0-4613-B4C2-1ECCB05E654E}.Debug|x64.Build.0 = Debug|x64
		{586C8CFD-6DB0-4613-B4C2-1ECCB05E654E}.Debug|x86.ActiveCfg = Debug|Win32
		{586C8CFD-6DB0-4613-B4C2-1ECCB05E654E}.Debug|x86.Build.0 = Debug|Win32
		{586C8CFD-6DB0-4613-B4C2-1ECCB05E654E}.Release|x64.ActiveCfg = Release|x64
		{586C8CFD-6DB0-4613-B4C2-1ECCB05E654E}.Release|x64.Build.0 = Release|x64
		{586C8CFD-6DB0-4613-B4C2-1ECCB05E654E}.Release|x86.ActiveCfg = Release|Win32
		{586C8CFD-6DB0-4613-B4C2-1ECCB05E654E}.Release|x86.Build.0 = Release|Win32
		{49041DC0-92CF-4BB1-B28E-EEF548A7A1F8}.Debug|x64.ActiveCfg = Debug|x64
		{49041DC0-92CF-4BB1-B28E-EEF548A7A1F8}.Debug|x64.Build.0 = Debug|x64
		{49041DC0-92CF-4BB1-B28E-EEF548A7A1F8}.Debug|x86.ActiveCfg = Debug|Win32
		{49041DC0-92CF-4BB1-B28E-EEF548A7A1F8}.Debug|x86.Build.0 = Debug|Win32
		{49041DC0-92CF-4BB1-B28E-EEF548A7A1F8}.Release|x64.ActiveCfg = Release|x64
		{49041DC0-92CF-4BB1-B28E-EEF548A7A1F8}.Release|x64.Build.0 = Release|x64
		{49041DC0-92CF-4BB1-B28E-EEF548A7A1F8}.Release|x86.ActiveCfg = Release|Win32
		{49041DC0-92CF-4BB1-B28E-EEF548A7A1F8}.Release|x86.Build.0 = Release|Win32
		{E931D2F3-9D5F-466F-9629-72483C2F7EFA}.Debug|x64.ActiveCfg = Debug|x64
		{E931D2F3-9D5F-466F-9629-72483C2F7EFA}.Debug|x64.Build.0 = Debug|x64
		{E931D2F3-9D5F-466F-9629-72483C2F7EFA}.Debug|x86.ActiveCfg = Debug|Win32
		{E931D2F3-9D5F-466F-9629-72483C2F7EFA}.Debug|x86.Build.0 = Debug|Win32
		{E931D2F3-9D5F-466F-9629-72483C2F7EFA}.Release|x64.ActiveCfg = Release|x64
		{E931D2F3-9D5F-466F-9629-72483C2F7EFA}.Release|x64.Build.0 = Release|x64
		{E931D2F3-9D5F-466F-9629-72483C2F7EFA}.Release|x86.ActiveCfg = Release|Win32
		{E931D2F3-9D5F-466F-9629-72483C2F7EFA}.Release|x86.Build.0 = Release|Win32
		{66C1575E-26B3-4984-A1A3-69627EEB6691}.Debug|x64.ActiveCfg = Debug|x64
		{66C1575E-26B3-4984-A1A3-69627EEB6691}.Debug|x64.Build.0 = Debug|x64
		{66C1575E-26B3-4984-A1A3-69627EEB6691}.Debug|x86.ActiveCfg = Debug|Win32
		{66C1575E-26B3-4984-A1A3-69627EEB6691}.Debug|x86.Build.0 = Debug|Win32
		{66C1575E-26B3-4984-A1A3-69627EEB6691}.Release|x64.ActiveCfg = Release|x64
		{66C1575E-26B3-4984-A1A3-69627EEB6691}.Release|x64.Build.0 = Release|x64
		{66C1575E-26B3-4984-A1A3-69627EEB6691}.Release|x86.ActiveCfg = Release|Win32
		{66C1575E-26B3-4984-A1A3-69627EEB6691}.Release|x86.Build.0 = Release|Win32
	EndGlobalSection
	GlobalSection(SolutionProperties) = preSolution
		HideSolutionNode = FALSE
	EndGlobalSection
	GlobalSection(ExtensibilityGlobals) = postSolution
		SolutionGuid = {45851BEC-5C21-47BB-9A51-514D489A39F3}
	EndGlobalSection
EndGlobal
